Microsoft Visual Studio Solution File, Format Version 12.00
# Visual Studio Version 17
VisualStudioVersion = 17.5.2.0
MinimumVisualStudioVersion = 10.0.40219.1
Project("{2150E333-8FDC-42A3-9474-1A3956D46DE8}") = "game-of-life", "game-of-life", "{D416B5D6-7BDA-A2CA-5A83-76805197BB4F}"
EndProject
Project("{FAE04EC0-301F-11D3-BF4B-00C04F79EFBC}") = "api.Tests", "game-of-life\api.Tests\api.Tests.csproj", "{AE65FAB5-3623-28F0-486D-F458DE422184}"
EndProject
Project("{FAE04EC0-301F-11D3-BF4B-00C04F79EFBC}") = "api", "game-of-life\api\api.csproj", "{18562B35-E288-5A37-6DF6-C2FA94224E14}"
EndProject
Global
	GlobalSection(SolutionConfigurationPlatforms) = preSolution
		Debug|Any CPU = Debug|Any CPU
		Release|Any CPU = Release|Any CPU
	EndGlobalSection
	GlobalSection(ProjectConfigurationPlatforms) = postSolution
		{AE65FAB5-3623-28F0-486D-F458DE422184}.Debug|Any CPU.ActiveCfg = Debug|Any CPU
		{AE65FAB5-3623-28F0-486D-F458DE422184}.Debug|Any CPU.Build.0 = Debug|Any CPU
		{AE65FAB5-3623-28F0-486D-F458DE422184}.Release|Any CPU.ActiveCfg = Release|Any CPU
		{AE65FAB5-3623-28F0-486D-F458DE422184}.Release|Any CPU.Build.0 = Release|Any CPU
		{18562B35-E288-5A37-6DF6-C2FA94224E14}.Debug|Any CPU.ActiveCfg = Debug|Any CPU
		{18562B35-E288-5A37-6DF6-C2FA94224E14}.Debug|Any CPU.Build.0 = Debug|Any CPU
		{18562B35-E288-5A37-6DF6-C2FA94224E14}.Release|Any CPU.ActiveCfg = Release|Any CPU
		{18562B35-E288-5A37-6DF6-C2FA94224E14}.Release|Any CPU.Build.0 = Release|Any CPU
	EndGlobalSection
	GlobalSection(SolutionProperties) = preSolution
		HideSolutionNode = FALSE
	EndGlobalSection
	GlobalSection(NestedProjects) = preSolution
		{AE65FAB5-3623-28F0-486D-F458DE422184} = {D416B5D6-7BDA-A2CA-5A83-76805197BB4F}
		{18562B35-E288-5A37-6DF6-C2FA94224E14} = {D416B5D6-7BDA-A2CA-5A83-76805197BB4F}
	EndGlobalSection
	GlobalSection(ExtensibilityGlobals) = postSolution
		SolutionGuid = {AD46E628-CF6B-4E64-9B5D-2FEBE795CEAB}
	EndGlobalSection
EndGlobal
